
Microsoft Visual Studio Solution File, Format Version 12.00
# Visual Studio Version 17
VisualStudioVersion = 17.7.34202.233
MinimumVisualStudioVersion = 10.0.40219.1
Project("{2150E333-8FDC-42A3-9474-1A3956D46DE8}") = "01_The managed thread pool", "01_The managed thread pool", "{9B78A3E8-5B33-4CD5-BB78-6231E20DEF0B}"
EndProject
Project("{2150E333-8FDC-42A3-9474-1A3956D46DE8}") = "02_Timers", "02_Timers", "{B720BEF4-74DA-4293-BE4F-A318C14AE37E}"
EndProject
Project("{2150E333-8FDC-42A3-9474-1A3956D46DE8}") = "03_EventWaitHandle", "03_EventWaitHandle", "{256BBFA3-7577-4DD1-99DC-71CFFB618F79}"
EndProject
Project("{2150E333-8FDC-42A3-9474-1A3956D46DE8}") = "04_CountdownEvent", "04_CountdownEvent", "{BA0B8D89-1432-4394-A6D2-3A40F9F9F7B4}"
EndProject
Project("{2150E333-8FDC-42A3-9474-1A3956D46DE8}") = "05_Mutexes", "05_Mutexes", "{C74901E5-4999-456C-BCF6-A8DEF33F1AE1}"
EndProject
Project("{2150E333-8FDC-42A3-9474-1A3956D46DE8}") = "06_Semaphore and SemaphoreSlim", "06_Semaphore and SemaphoreSlim", "{DB32732E-08DC-42D4-B2D1-D44D531E5F0D}"
EndProject
Project("{2150E333-8FDC-42A3-9474-1A3956D46DE8}") = "07_Barrier", "07_Barrier", "{DD4C2EB2-7857-4E48-B878-0A705DEAF23A}"
EndProject
Project("{2150E333-8FDC-42A3-9474-1A3956D46DE8}") = "08_SpinLock", "08_SpinLock", "{AC1A7470-0242-4A24-B1D9-B5D880FFF41E}"
EndProject
Project("{2150E333-8FDC-42A3-9474-1A3956D46DE8}") = "09_SpinWait", "09_SpinWait", "{131AA62C-8B9A-40E2-AD58-BBCFBEA62D0D}"
EndProject
Project("{9A19103F-16F7-4668-BE54-9A1E7A4F7556}") = "1_ThreadPool_GetAvailableThreads", "1_ThreadPool_GetAvailableThreads\1_ThreadPool_GetAvailableThreads.csproj", "{B40559A3-56C9-4AC9-8615-727029D55CC2}"
EndProject
Project("{9A19103F-16F7-4668-BE54-9A1E7A4F7556}") = "2_ThreadPool_QueueUserWorkItem", "2_ThreadPool_QueueUserWorkItem\2_ThreadPool_QueueUserWorkItem.csproj", "{5BE5ACBC-590C-4560-AFE4-D5994EDBD343}"
EndProject
Project("{9A19103F-16F7-4668-BE54-9A1E7A4F7556}") = "4_ThreadPool_GetAvailableThreads_Test", "4_ThreadPool_GetAvailableThreads_Test\4_ThreadPool_GetAvailableThreads_Test.csproj", "{171C4376-4EE5-4356-9C0D-6789BE2792CB}"
EndProject
Project("{2150E333-8FDC-42A3-9474-1A3956D46DE8}") = "10__VolatileExamples", "10__VolatileExamples", "{F61826FB-1258-4BEE-AA15-7E242857992F}"
EndProject
Project("{9A19103F-16F7-4668-BE54-9A1E7A4F7556}") = "1_VolatileSample", "1_VolatileSample\1_VolatileSample.csproj", "{DE9A99BE-E185-482A-8999-9D47466C83DE}"
EndProject
Project("{9A19103F-16F7-4668-BE54-9A1E7A4F7556}") = "1_VolatileSample1", "1_VolatileSample1\1_VolatileSample1.csproj", "{69D18118-6CAB-4373-A8FF-00D7E7BEFA3B}"
EndProject
Project("{FAE04EC0-301F-11D3-BF4B-00C04F79EFBC}") = "1_The System.Threading.Timer class", "1_The System.Threading.Timer class\1_The System.Threading.Timer class.csproj", "{864AFAED-A2FF-4821-A819-5C11947BBB03}"
EndProject
Project("{FAE04EC0-301F-11D3-BF4B-00C04F79EFBC}") = "2_The System.Timers.Timer class", "2_The System.Timers.Timer class\2_The System.Timers.Timer class.csproj", "{DECD4345-880B-439F-817F-D75A66CC2116}"
EndProject
Project("{FAE04EC0-301F-11D3-BF4B-00C04F79EFBC}") = "1_AutoResetEvent Class", "AutoResetEvent Class\1_AutoResetEvent Class.csproj", "{2AFEE451-9888-4C96-B5FE-AA691B9A165C}"
EndProject
Project("{FAE04EC0-301F-11D3-BF4B-00C04F79EFBC}") = "2_AutoResetEvent Class", "2_AutoResetEvent Class\2_AutoResetEvent Class.csproj", "{B3CDC4A2-6CC6-4336-BEBE-07C481159F82}"
EndProject
Project("{FAE04EC0-301F-11D3-BF4B-00C04F79EFBC}") = "3_ManualResetEvent Class", "3_ManualResetEvent Class\3_ManualResetEvent Class.csproj", "{AD837080-BC45-49BA-B2FA-A026B9B73F27}"
EndProject
Project("{FAE04EC0-301F-11D3-BF4B-00C04F79EFBC}") = "5_AutoResetEvent Example1", "3_Timer example\5_AutoResetEvent Example1.csproj", "{FDFD7B3D-DF86-4428-BA2D-06784D5C53D7}"
EndProject
Project("{FAE04EC0-301F-11D3-BF4B-00C04F79EFBC}") = "4_AutoResetEvent Example", "4_Timer example1\4_AutoResetEvent Example.csproj", "{651D3C21-44E0-4F8D-9361-492B4ABE940A}"
EndProject
Project("{FAE04EC0-301F-11D3-BF4B-00C04F79EFBC}") = "1_MutexSample", "1_MutexSample\1_MutexSample.csproj", "{A1A7A65C-4742-4E01-8DAF-9276ED527AF4}"
EndProject
Project("{FAE04EC0-301F-11D3-BF4B-00C04F79EFBC}") = "1_Semaphore", "1_Semaphore\1_Semaphore.csproj", "{7307088D-7B2B-4D96-AEA4-DDC0CBB0A651}"
EndProject
Global
	GlobalSection(SolutionConfigurationPlatforms) = preSolution
		Debug|Any CPU = Debug|Any CPU
		Release|Any CPU = Release|Any CPU
	EndGlobalSection
	GlobalSection(ProjectConfigurationPlatforms) = postSolution
		{B40559A3-56C9-4AC9-8615-727029D55CC2}.Debug|Any CPU.ActiveCfg = Debug|Any CPU
		{B40559A3-56C9-4AC9-8615-727029D55CC2}.Debug|Any CPU.Build.0 = Debug|Any CPU
		{B40559A3-56C9-4AC9-8615-727029D55CC2}.Release|Any CPU.ActiveCfg = Release|Any CPU
		{B40559A3-56C9-4AC9-8615-727029D55CC2}.Release|Any CPU.Build.0 = Release|Any CPU
		{5BE5ACBC-590C-4560-AFE4-D5994EDBD343}.Debug|Any CPU.ActiveCfg = Debug|Any CPU
		{5BE5ACBC-590C-4560-AFE4-D5994EDBD343}.Debug|Any CPU.Build.0 = Debug|Any CPU
		{5BE5ACBC-590C-4560-AFE4-D5994EDBD343}.Release|Any CPU.ActiveCfg = Release|Any CPU
		{5BE5ACBC-590C-4560-AFE4-D5994EDBD343}.Release|Any CPU.Build.0 = Release|Any CPU
		{171C4376-4EE5-4356-9C0D-6789BE2792CB}.Debug|Any CPU.ActiveCfg = Debug|Any CPU
		{171C4376-4EE5-4356-9C0D-6789BE2792CB}.Debug|Any CPU.Build.0 = Debug|Any CPU
		{171C4376-4EE5-4356-9C0D-6789BE2792CB}.Release|Any CPU.ActiveCfg = Release|Any CPU
		{171C4376-4EE5-4356-9C0D-6789BE2792CB}.Release|Any CPU.Build.0 = Release|Any CPU
		{DE9A99BE-E185-482A-8999-9D47466C83DE}.Debug|Any CPU.ActiveCfg = Debug|Any CPU
		{DE9A99BE-E185-482A-8999-9D47466C83DE}.Debug|Any CPU.Build.0 = Debug|Any CPU
		{DE9A99BE-E185-482A-8999-9D47466C83DE}.Release|Any CPU.ActiveCfg = Release|Any CPU
		{DE9A99BE-E185-482A-8999-9D47466C83DE}.Release|Any CPU.Build.0 = Release|Any CPU
		{69D18118-6CAB-4373-A8FF-00D7E7BEFA3B}.Debug|Any CPU.ActiveCfg = Debug|Any CPU
		{69D18118-6CAB-4373-A8FF-00D7E7BEFA3B}.Debug|Any CPU.Build.0 = Debug|Any CPU
		{69D18118-6CAB-4373-A8FF-00D7E7BEFA3B}.Release|Any CPU.ActiveCfg = Release|Any CPU
		{69D18118-6CAB-4373-A8FF-00D7E7BEFA3B}.Release|Any CPU.Build.0 = Release|Any CPU
		{864AFAED-A2FF-4821-A819-5C11947BBB03}.Debug|Any CPU.ActiveCfg = Debug|Any CPU
		{864AFAED-A2FF-4821-A819-5C11947BBB03}.Debug|Any CPU.Build.0 = Debug|Any CPU
		{864AFAED-A2FF-4821-A819-5C11947BBB03}.Release|Any CPU.ActiveCfg = Release|Any CPU
		{864AFAED-A2FF-4821-A819-5C11947BBB03}.Release|Any CPU.Build.0 = Release|Any CPU
		{DECD4345-880B-439F-817F-D75A66CC2116}.Debug|Any CPU.ActiveCfg = Debug|Any CPU
		{DECD4345-880B-439F-817F-D75A66CC2116}.Debug|Any CPU.Build.0 = Debug|Any CPU
		{DECD4345-880B-439F-817F-D75A66CC2116}.Release|Any CPU.ActiveCfg = Release|Any CPU
		{DECD4345-880B-439F-817F-D75A66CC2116}.Release|Any CPU.Build.0 = Release|Any CPU
		{2AFEE451-9888-4C96-B5FE-AA691B9A165C}.Debug|Any CPU.ActiveCfg = Debug|Any CPU
		{2AFEE451-9888-4C96-B5FE-AA691B9A165C}.Debug|Any CPU.Build.0 = Debug|Any CPU
		{2AFEE451-9888-4C96-B5FE-AA691B9A165C}.Release|Any CPU.ActiveCfg = Release|Any CPU
		{2AFEE451-9888-4C96-B5FE-AA691B9A165C}.Release|Any CPU.Build.0 = Release|Any CPU
		{B3CDC4A2-6CC6-4336-BEBE-07C481159F82}.Debug|Any CPU.ActiveCfg = Debug|Any CPU
		{B3CDC4A2-6CC6-4336-BEBE-07C481159F82}.Debug|Any CPU.Build.0 = Debug|Any CPU
		{B3CDC4A2-6CC6-4336-BEBE-07C481159F82}.Release|Any CPU.ActiveCfg = Release|Any CPU
		{B3CDC4A2-6CC6-4336-BEBE-07C481159F82}.Release|Any CPU.Build.0 = Release|Any CPU
		{AD837080-BC45-49BA-B2FA-A026B9B73F27}.Debug|Any CPU.ActiveCfg = Debug|Any CPU
		{AD837080-BC45-49BA-B2FA-A026B9B73F27}.Debug|Any CPU.Build.0 = Debug|Any CPU
		{AD837080-BC45-49BA-B2FA-A026B9B73F27}.Release|Any CPU.ActiveCfg = Release|Any CPU
		{AD837080-BC45-49BA-B2FA-A026B9B73F27}.Release|Any CPU.Build.0 = Release|Any CPU
		{FDFD7B3D-DF86-4428-BA2D-06784D5C53D7}.Debug|Any CPU.ActiveCfg = Debug|Any CPU
		{FDFD7B3D-DF86-4428-BA2D-06784D5C53D7}.Debug|Any CPU.Build.0 = Debug|Any CPU
		{FDFD7B3D-DF86-4428-BA2D-06784D5C53D7}.Release|Any CPU.ActiveCfg = Release|Any CPU
		{FDFD7B3D-DF86-4428-BA2D-06784D5C53D7}.Release|Any CPU.Build.0 = Release|Any CPU
		{651D3C21-44E0-4F8D-9361-492B4ABE940A}.Debug|Any CPU.ActiveCfg = Debug|Any CPU
		{651D3C21-44E0-4F8D-9361-492B4ABE940A}.Debug|Any CPU.Build.0 = Debug|Any CPU
		{651D3C21-44E0-4F8D-9361-492B4ABE940A}.Release|Any CPU.ActiveCfg = Release|Any CPU
		{651D3C21-44E0-4F8D-9361-492B4ABE940A}.Release|Any CPU.Build.0 = Release|Any CPU
		{A1A7A65C-4742-4E01-8DAF-9276ED527AF4}.Debug|Any CPU.ActiveCfg = Debug|Any CPU
		{A1A7A65C-4742-4E01-8DAF-9276ED527AF4}.Debug|Any CPU.Build.0 = Debug|Any CPU
		{A1A7A65C-4742-4E01-8DAF-9276ED527AF4}.Release|Any CPU.ActiveCfg = Release|Any CPU
		{A1A7A65C-4742-4E01-8DAF-9276ED527AF4}.Release|Any CPU.Build.0 = Release|Any CPU
		{7307088D-7B2B-4D96-AEA4-DDC0CBB0A651}.Debug|Any CPU.ActiveCfg = Debug|Any CPU
		{7307088D-7B2B-4D96-AEA4-DDC0CBB0A651}.Debug|Any CPU.Build.0 = Debug|Any CPU
		{7307088D-7B2B-4D96-AEA4-DDC0CBB0A651}.Release|Any CPU.ActiveCfg = Release|Any CPU
		{7307088D-7B2B-4D96-AEA4-DDC0CBB0A651}.Release|Any CPU.Build.0 = Release|Any CPU
	EndGlobalSection
	GlobalSection(SolutionProperties) = preSolution
		HideSolutionNode = FALSE
	EndGlobalSection
	GlobalSection(NestedProjects) = preSolution
		{B40559A3-56C9-4AC9-8615-727029D55CC2} = {9B78A3E8-5B33-4CD5-BB78-6231E20DEF0B}
		{5BE5ACBC-590C-4560-AFE4-D5994EDBD343} = {9B78A3E8-5B33-4CD5-BB78-6231E20DEF0B}
		{171C4376-4EE5-4356-9C0D-6789BE2792CB} = {9B78A3E8-5B33-4CD5-BB78-6231E20DEF0B}
		{DE9A99BE-E185-482A-8999-9D47466C83DE} = {F61826FB-1258-4BEE-AA15-7E242857992F}
		{69D18118-6CAB-4373-A8FF-00D7E7BEFA3B} = {F61826FB-1258-4BEE-AA15-7E242857992F}
		{864AFAED-A2FF-4821-A819-5C11947BBB03} = {B720BEF4-74DA-4293-BE4F-A318C14AE37E}
		{DECD4345-880B-439F-817F-D75A66CC2116} = {B720BEF4-74DA-4293-BE4F-A318C14AE37E}
		{2AFEE451-9888-4C96-B5FE-AA691B9A165C} = {256BBFA3-7577-4DD1-99DC-71CFFB618F79}
		{B3CDC4A2-6CC6-4336-BEBE-07C481159F82} = {256BBFA3-7577-4DD1-99DC-71CFFB618F79}
		{AD837080-BC45-49BA-B2FA-A026B9B73F27} = {256BBFA3-7577-4DD1-99DC-71CFFB618F79}
		{FDFD7B3D-DF86-4428-BA2D-06784D5C53D7} = {256BBFA3-7577-4DD1-99DC-71CFFB618F79}
		{651D3C21-44E0-4F8D-9361-492B4ABE940A} = {256BBFA3-7577-4DD1-99DC-71CFFB618F79}
		{A1A7A65C-4742-4E01-8DAF-9276ED527AF4} = {C74901E5-4999-456C-BCF6-A8DEF33F1AE1}
		{7307088D-7B2B-4D96-AEA4-DDC0CBB0A651} = {DB32732E-08DC-42D4-B2D1-D44D531E5F0D}
	EndGlobalSection
	GlobalSection(ExtensibilityGlobals) = postSolution
		SolutionGuid = {1148421A-7296-4A1A-919A-E0C1DE2F02E7}
	EndGlobalSection
EndGlobal
